
Microsoft Visual Studio Solution File, Format Version 12.00
# Visual Studio Version 17
VisualStudioVersion = 17.11.35327.3
MinimumVisualStudioVersion = 10.0.40219.1
Project("{FAE04EC0-301F-11D3-BF4B-00C04F79EFBC}") = "GestionFinanzasPersonales.Server", "GestionFinanzasPersonales.Server\GestionFinanzasPersonales.Server.csproj", "{02E5208D-89AF-4963-A98A-C123224F1239}"
EndProject
Project("{54A90642-561A-4BB1-A94E-469ADEE60C69}") = "gestionfinanzaspersonales.client", "gestionfinanzaspersonales.client\gestionfinanzaspersonales.client.esproj", "{02F89598-13E1-4ED0-ABD5-7CFD6772C729}"
EndProject
Global
	GlobalSection(SolutionConfigurationPlatforms) = preSolution
		Debug|Any CPU = Debug|Any CPU
		Release|Any CPU = Release|Any CPU
	EndGlobalSection
	GlobalSection(ProjectConfigurationPlatforms) = postSolution
		{02E5208D-89AF-4963-A98A-C123224F1239}.Debug|Any CPU.ActiveCfg = Debug|Any CPU
		{02E5208D-89AF-4963-A98A-C123224F1239}.Debug|Any CPU.Build.0 = Debug|Any CPU
		{02E5208D-89AF-4963-A98A-C123224F1239}.Release|Any CPU.ActiveCfg = Release|Any CPU
		{02E5208D-89AF-4963-A98A-C123224F1239}.Release|Any CPU.Build.0 = Release|Any CPU
		{02F89598-13E1-4ED0-ABD5-7CFD6772C729}.Debug|Any CPU.ActiveCfg = Debug|Any CPU
		{02F89598-13E1-4ED0-ABD5-7CFD6772C729}.Debug|Any CPU.Build.0 = Debug|Any CPU
		{02F89598-13E1-4ED0-ABD5-7CFD6772C729}.Debug|Any CPU.Deploy.0 = Debug|Any CPU
		{02F89598-13E1-4ED0-ABD5-7CFD6772C729}.Release|Any CPU.ActiveCfg = Release|Any CPU
		{02F89598-13E1-4ED0-ABD5-7CFD6772C729}.Release|Any CPU.Build.0 = Release|Any CPU
		{02F89598-13E1-4ED0-ABD5-7CFD6772C729}.Release|Any CPU.Deploy.0 = Release|Any CPU
	EndGlobalSection
	GlobalSection(SolutionProperties) = preSolution
		HideSolutionNode = FALSE
	EndGlobalSection
	GlobalSection(ExtensibilityGlobals) = postSolution
		SolutionGuid = {03CF420B-1F51-4346-867F-061C2AAA5256}
	EndGlobalSection
EndGlobal
